
Microsoft Visual Studio Solution File, Format Version 12.00
# Visual Studio Version 17
VisualStudioVersion = 17.11.35312.102
MinimumVisualStudioVersion = 10.0.40219.1
Project("{FAE04EC0-301F-11D3-BF4B-00C04F79EFBC}") = "v02_combat", "v02_combat\v02_combat.csproj", "{59227239-317F-4EE1-AB8B-D9831CC5AA55}"
EndProject
Global
	GlobalSection(SolutionConfigurationPlatforms) = preSolution
		Debug|Any CPU = Debug|Any CPU
		Release|Any CPU = Release|Any CPU
	EndGlobalSection
	GlobalSection(ProjectConfigurationPlatforms) = postSolution
		{59227239-317F-4EE1-AB8B-D9831CC5AA55}.Debug|Any CPU.ActiveCfg = Debug|Any CPU
		{59227239-317F-4EE1-AB8B-D9831CC5AA55}.Debug|Any CPU.Build.0 = Debug|Any CPU
		{59227239-317F-4EE1-AB8B-D9831CC5AA55}.Release|Any CPU.ActiveCfg = Release|Any CPU
		{59227239-317F-4EE1-AB8B-D9831CC5AA55}.Release|Any CPU.Build.0 = Release|Any CPU
	EndGlobalSection
	GlobalSection(SolutionProperties) = preSolution
		HideSolutionNode = FALSE
	EndGlobalSection
	GlobalSection(ExtensibilityGlobals) = postSolution
		SolutionGuid = {29977E60-C9E8-4391-AD98-281B5DAF6274}
	EndGlobalSection
EndGlobal
